
Microsoft Visual Studio Solution File, Format Version 12.00
# Visual Studio Version 16
VisualStudioVersion = 16.0.30621.155
MinimumVisualStudioVersion = 10.0.40219.1
Project("{FAE04EC0-301F-11D3-BF4B-00C04F79EFBC}") = "ConsoleApp2", "ConsoleApp2\ConsoleApp2.csproj", "{72A3217F-F332-475E-B298-947038CBE15A}"
EndProject
Global
	GlobalSection(SolutionConfigurationPlatforms) = preSolution
		Debug|Any CPU = Debug|Any CPU
		Release|Any CPU = Release|Any CPU
	EndGlobalSection
	GlobalSection(ProjectConfigurationPlatforms) = postSolution
		{72A3217F-F332-475E-B298-947038CBE15A}.Debug|Any CPU.ActiveCfg = Debug|Any CPU
		{72A3217F-F332-475E-B298-947038CBE15A}.Debug|Any CPU.Build.0 = Debug|Any CPU
		{72A3217F-F332-475E-B298-947038CBE15A}.Release|Any CPU.ActiveCfg = Release|Any CPU
		{72A3217F-F332-475E-B298-947038CBE15A}.Release|Any CPU.Build.0 = Release|Any CPU
	EndGlobalSection
	GlobalSection(SolutionProperties) = preSolution
		HideSolutionNode = FALSE
	EndGlobalSection
	GlobalSection(ExtensibilityGlobals) = postSolution
		SolutionGuid = {A98B3BAE-7BD6-4DFE-B2E0-A16F45C8DBE9}
	EndGlobalSection
EndGlobal
